{
    "name": "app",
    "version": "1.0.0",
    "lockfileVersion": 1,
    "requires": true,
    "dependencies": {
        "highlight": {
            "version": "0.2.4",
            "resolved": "http://registry.npm.taobao.org/highlight/download/highlight-0.2.4.tgz",
            "integrity": "sha1-isAodbA/WTXgZ1hSt2z+H9WODf8="
        },
        "marked": {
            "version": "0.3.7",
            "resolved": "http://registry.npm.taobao.org/marked/download/marked-0.3.7.tgz",
            "integrity": "sha1-gO87vxvQDRyc/r5CuhuMhdoljQ0="
        }
    }
}
